PODS:
  - AFNetworking (3.2.0):
    - AFNetworking/NSURLSession (= 3.2.0)
    - AFNetworking/Reachability (= 3.2.0)
    - AFNetworking/Security (= 3.2.0)
    - AFNetworking/Serialization (= 3.2.0)
    - AFNetworking/UIKit (= 3.2.0)
  - AFNetworking/NSURLSession (3.2.0):
    - AFNetworking/Reachability
    - AFNetworking/Security
    - AFNetworking/Serialization
  - AFNetworking/Reachability (3.2.0)
  - AFNetworking/Security (3.2.0)
  - AFNetworking/Serialization (3.2.0)
  - AFNetworking/UIKit (3.2.0):
    - AFNetworking/NSURLSession
  - Bugly (2.5.0)
  - CocoaAsyncSocket (7.6.3)
  - DACircularProgress (2.3.1)
  - FDFullscreenPopGesture (1.1)
  - IDMPhotoBrowser (1.11.3):
    - DACircularProgress
    - pop
    - SDWebImage (= 4.0.0)
  - IQKeyboardManager (5.0.7)
  - KTVCocoaHTTPServer (1.0.0):
    - CocoaAsyncSocket
  - KTVHTTPCache (1.1.5):
    - KTVCocoaHTTPServer
  - Masonry (1.1.0)
  - MBProgressHUD (1.1.0)
  - MJRefresh (3.1.15.3)
  - pop (1.0.10)
  - RTRootNavigationController (0.6.7):
    - RTRootNavigationController/Core (= 0.6.7)
  - RTRootNavigationController/Core (0.6.7)
  - SDWebImage (4.0.0):
    - SDWebImage/Core (= 4.0.0)
  - SDWebImage/Core (4.0.0)
  - SocketRocket (0.5.1)
  - SVProgressHUD (2.2.5)
  - TOCropViewController (2.3.7)
  - TZImagePickerController (2.1.4)
  - VTMagic (1.2.4):
    - VTMagic/Core (= 1.2.4)
  - VTMagic/Core (1.2.4)
  - WechatOpenSDK (1.8.2)
  - YYCache (1.0.4)
  - YYImage (1.0.4):
    - YYImage/Core (= 1.0.4)
  - YYImage/Core (1.0.4)
  - YYImage/WebP (1.0.4):
    - YYImage/Core
  - YYWebImage (1.0.5):
    - YYCache
    - YYImage

DEPENDENCIES:
  - AFNetworking (~> 3.0)
  - Bugly
  - DACircularProgress (~> 2.3.1)
  - FDFullscreenPopGesture
  - IDMPhotoBrowser
  - IQKeyboardManager
  - KTVHTTPCache
  - Masonry
  - MBProgressHUD
  - MJRefresh
  - pop
  - RTRootNavigationController
  - SDWebImage (~> 4.0.0)
  - SocketRocket
  - SVProgressHUD
  - TOCropViewController
  - TZImagePickerController
  - VTMagic
  - WechatOpenSDK
  - YYImage/WebP
  - YYWebImage

SPEC REPOS:
  https://github.com/cocoapods/specs.git:
    - AFNetworking
    - Bugly
    - CocoaAsyncSocket
    - DACircularProgress
    - FDFullscreenPopGesture
    - IDMPhotoBrowser
    - IQKeyboardManager
    - KTVCocoaHTTPServer
    - KTVHTTPCache
    - Masonry
    - MBProgressHUD
    - MJRefresh
    - pop
    - RTRootNavigationController
    - SDWebImage
    - SocketRocket
    - SVProgressHUD
    - TOCropViewController
    - TZImagePickerController
    - VTMagic
    - WechatOpenSDK
    - YYCache
    - YYImage
    - YYWebImage

SPEC CHECKSUMS:
  AFNetworking: 8ac6017b94ea105479f7776e5288e48ae9c59bb4
  Bugly: 3ca9f255c01025582df26f9222893b383c7e4b4e
  CocoaAsyncSocket: eafaa68a7e0ec99ead0a7b35015e0bf25d2c8987
  DACircularProgress: 4dd437c0fc3da5161cb289e07ac449493d41db71
  FDFullscreenPopGesture: a8a620179e3d9c40e8e00256dcee1c1a27c6d0f0
  IDMPhotoBrowser: b96159fe4adb991a844068eb17dab9c0b7d7e51a
  IQKeyboardManager: 0bfa4607d39924116b5c0c8b55b5d789288b5cba
  KTVCocoaHTTPServer: df8d7b861e603ff8037e9b2138aca2563a6b768d
  KTVHTTPCache: 8f4b21cd81122f7211dc01f02ec728794ebdc9e1
  Masonry: 678fab65091a9290e40e2832a55e7ab731aad201
  MBProgressHUD: e7baa36a220447d8aeb12769bf0585582f3866d9
  MJRefresh: b48380ae2b927b46c4ef000de9adb8dc748e1df7
  pop: 82ca6b068ce9278fd350fd9dd09482a0ce9492e6
  RTRootNavigationController: d6aa6cbb78a3eaecea4f6e4df63f15dd887836b8
  SDWebImage: 76a6348bdc74eb5a55dd08a091ef298e56b55e41
  SocketRocket: d57c7159b83c3c6655745cd15302aa24b6bae531
  SVProgressHUD: 1428aafac632c1f86f62aa4243ec12008d7a51d6
  TOCropViewController: c7ae3481a3f52e52a6897383a6aba17d47381ab6
  TZImagePickerController: 2a8f41ba058e215bc9b699ade241fdbcc910c2bd
  VTMagic: b49e5f456dbcbfd9a3588ba92417233a105bc193
  WechatOpenSDK: 676feec516a11173eafd1fe64b10d27babf28701
  YYCache: 8105b6638f5e849296c71f331ff83891a4942952
  YYImage: 1e1b62a9997399593e4b9c4ecfbbabbf1d3f3b54
  YYWebImage: 5f7f36aee2ae293f016d418c7d6ba05c4863e928

PODFILE CHECKSUM: 041655f2f82639c865bef071772883d2ff80230e

COCOAPODS: 1.5.3
